
Microsoft Visual Studio Solution File, Format Version 12.00
# Visual Studio Version 17
VisualStudioVersion = 17.8.34330.188
MinimumVisualStudioVersion = 10.0.40219.1
Project("{FAE04EC0-301F-11D3-BF4B-00C04F79EFBC}") = "WebApi", "WebApi.csproj", "{6B88015B-47BB-46C0-9346-5BE4BC1A68BB}"
EndProject
Project("{FAE04EC0-301F-11D3-BF4B-00C04F79EFBC}") = "Domain", "..\Domain\Domain.csproj", "{082BDFF6-630D-4271-8BEA-3202C76A3894}"
EndProject
Global
	GlobalSection(SolutionConfigurationPlatforms) = preSolution
		Debug|Any CPU = Debug|Any CPU
		Release|Any CPU = Release|Any CPU
	EndGlobalSection
	GlobalSection(ProjectConfigurationPlatforms) = postSolution
		{6B88015B-47BB-46C0-9346-5BE4BC1A68BB}.Debug|Any CPU.ActiveCfg = Debug|Any CPU
		{6B88015B-47BB-46C0-9346-5BE4BC1A68BB}.Debug|Any CPU.Build.0 = Debug|Any CPU
		{6B88015B-47BB-46C0-9346-5BE4BC1A68BB}.Release|Any CPU.ActiveCfg = Release|Any CPU
		{6B88015B-47BB-46C0-9346-5BE4BC1A68BB}.Release|Any CPU.Build.0 = Release|Any CPU
		{082BDFF6-630D-4271-8BEA-3202C76A3894}.Debug|Any CPU.ActiveCfg = Debug|Any CPU
		{082BDFF6-630D-4271-8BEA-3202C76A3894}.Debug|Any CPU.Build.0 = Debug|Any CPU
		{082BDFF6-630D-4271-8BEA-3202C76A3894}.Release|Any CPU.ActiveCfg = Release|Any CPU
		{082BDFF6-630D-4271-8BEA-3202C76A3894}.Release|Any CPU.Build.0 = Release|Any CPU
	EndGlobalSection
	GlobalSection(SolutionProperties) = preSolution
		HideSolutionNode = FALSE
	EndGlobalSection
	GlobalSection(ExtensibilityGlobals) = postSolution
		SolutionGuid = {F07BB4C0-4598-4411-96DB-2C3701F1E8D7}
	EndGlobalSection
EndGlobal
